
Microsoft Visual Studio Solution File, Format Version 12.00
# Visual Studio Version 16
VisualStudioVersion = 16.0.31624.102
MinimumVisualStudioVersion = 10.0.40219.1
Project("{9A19103F-16F7-4668-BE54-9A1E7A4F7556}") = "StarterProject", "ConsoleApp1\StarterProject.csproj", "{3DAD2538-1D1C-4D72-A0BC-2FB6C76FA1BD}"
EndProject
Global
	GlobalSection(SolutionConfigurationPlatforms) = preSolution
		Debug|Any CPU = Debug|Any CPU
		Release|Any CPU = Release|Any CPU
	EndGlobalSection
	GlobalSection(ProjectConfigurationPlatforms) = postSolution
		{3DAD2538-1D1C-4D72-A0BC-2FB6C76FA1BD}.Debug|Any CPU.ActiveCfg = Debug|Any CPU
		{3DAD2538-1D1C-4D72-A0BC-2FB6C76FA1BD}.Debug|Any CPU.Build.0 = Debug|Any CPU
		{3DAD2538-1D1C-4D72-A0BC-2FB6C76FA1BD}.Release|Any CPU.ActiveCfg = Release|Any CPU
		{3DAD2538-1D1C-4D72-A0BC-2FB6C76FA1BD}.Release|Any CPU.Build.0 = Release|Any CPU
	EndGlobalSection
	GlobalSection(SolutionProperties) = preSolution
		HideSolutionNode = FALSE
	EndGlobalSection
	GlobalSection(ExtensibilityGlobals) = postSolution
		SolutionGuid = {21F514C7-C09F-41A6-AA9C-693D4BC5C41C}
	EndGlobalSection
EndGlobal
